
Microsoft Visual Studio Solution File, Format Version 12.00
# Visual Studio Version 17
VisualStudioVersion = 17.4.33205.214
MinimumVisualStudioVersion = 10.0.40219.1
Project("{2150E333-8FDC-42A3-9474-1A3956D46DE8}") = "build", "build", "{2AB102CB-FF39-4FFC-928F-1C8A6B17590B}"
	ProjectSection(SolutionItems) = preProject
		EasyOC.build\Commons.props = EasyOC.build\Commons.props
		EasyOC.build\Commons.targets = EasyOC.build\Commons.targets
	EndProjectSection
EndProject
Project("{9A19103F-16F7-4668-BE54-9A1E7A4F7556}") = "EasyOC.ReplaceAction", "src\Modules\EasyOC.ReplaceAction\EasyOC.ReplaceAction.csproj", "{952C1929-ED23-4A07-BF0F-F50C65EC7920}"
EndProject
Project("{9A19103F-16F7-4668-BE54-9A1E7A4F7556}") = "EasyOC.Users", "src\Modules\EasyOC.Users\EasyOC.Users.csproj", "{04D4CFB1-0A2E-4058-BDE2-E26C623F4F2F}"
EndProject
Project("{9A19103F-16F7-4668-BE54-9A1E7A4F7556}") = "EasyOC.SwaggerUI", "src\Modules\EasyOC.SwaggerUI\EasyOC.SwaggerUI.csproj", "{9C4736A2-1005-4132-9548-B2E1F3C830E0}"
EndProject
Project("{2150E333-8FDC-42A3-9474-1A3956D46DE8}") = "Shared", "Shared", "{BBA3C688-E8AD-4177-9817-24D3C097D98A}"
	ProjectSection(SolutionItems) = preProject
		src\Shared\Directory.Build.props = src\Shared\Directory.Build.props
		src\Shared\Directory.Build.targets = src\Shared\Directory.Build.targets
	EndProjectSection
EndProject
Project("{2150E333-8FDC-42A3-9474-1A3956D46DE8}") = "Modules", "Modules", "{2C8B39D9-E86E-4BB6-ABAD-22CA1B2EA299}"
	ProjectSection(SolutionItems) = preProject
		src\Modules\Directory.Build.props = src\Modules\Directory.Build.props
		src\Modules\Directory.Build.targets = src\Modules\Directory.Build.targets
	EndProjectSection
EndProject
Project("{9A19103F-16F7-4668-BE54-9A1E7A4F7556}") = "EasyOC.CMS.Web", "src\EasyOC.CMS.Web\EasyOC.CMS.Web.csproj", "{6EC107CD-4BA4-4F27-B275-BDFFD2403C55}"
EndProject
Project("{9A19103F-16F7-4668-BE54-9A1E7A4F7556}") = "EasyOC.Workflows", "src\Modules\EasyOC.Workflows\EasyOC.Workflows.csproj", "{EB0C3FDC-1125-4194-9FCA-1EE7A1B6FA8B}"
EndProject
Project("{9A19103F-16F7-4668-BE54-9A1E7A4F7556}") = "EasyOC.Deployment", "src\Modules\EasyOC.Deployment\EasyOC.Deployment.csproj", "{F48E4020-5C6A-42D5-A692-E31DC0B0D20D}"
EndProject
Project("{9A19103F-16F7-4668-BE54-9A1E7A4F7556}") = "EasyOC.Shared.Constants", "src\Shared\EasyOC.Shared.Constants\EasyOC.Shared.Constants.csproj", "{546F6497-10D2-43DC-893D-532E2B61992C}"
EndProject
Project("{9A19103F-16F7-4668-BE54-9A1E7A4F7556}") = "EasyOC.Shared.Extensions", "src\Shared\EasyOC.Shared.Extensions\EasyOC.Shared.Extensions.csproj", "{8415FCAA-ED2E-44C6-B4B1-6BA5509713A1}"
EndProject
Project("{9A19103F-16F7-4668-BE54-9A1E7A4F7556}") = "EasyOC.AssemblyLoader", "src\Modules\EasyOC.AssemblyLoader\EasyOC.AssemblyLoader.csproj", "{4103F9C1-EFD5-492D-8120-FD22D1E88FD5}"
EndProject
Global
	GlobalSection(SolutionConfigurationPlatforms) = preSolution
		Debug|Any CPU = Debug|Any CPU
		Release|Any CPU = Release|Any CPU
	EndGlobalSection
	GlobalSection(ProjectConfigurationPlatforms) = postSolution
		{952C1929-ED23-4A07-BF0F-F50C65EC7920}.Debug|Any CPU.ActiveCfg = Debug|Any CPU
		{952C1929-ED23-4A07-BF0F-F50C65EC7920}.Debug|Any CPU.Build.0 = Debug|Any CPU
		{952C1929-ED23-4A07-BF0F-F50C65EC7920}.Release|Any CPU.ActiveCfg = Release|Any CPU
		{952C1929-ED23-4A07-BF0F-F50C65EC7920}.Release|Any CPU.Build.0 = Release|Any CPU
		{04D4CFB1-0A2E-4058-BDE2-E26C623F4F2F}.Debug|Any CPU.ActiveCfg = Debug|Any CPU
		{04D4CFB1-0A2E-4058-BDE2-E26C623F4F2F}.Debug|Any CPU.Build.0 = Debug|Any CPU
		{04D4CFB1-0A2E-4058-BDE2-E26C623F4F2F}.Release|Any CPU.ActiveCfg = Release|Any CPU
		{04D4CFB1-0A2E-4058-BDE2-E26C623F4F2F}.Release|Any CPU.Build.0 = Release|Any CPU
		{9C4736A2-1005-4132-9548-B2E1F3C830E0}.Debug|Any CPU.ActiveCfg = Debug|Any CPU
		{9C4736A2-1005-4132-9548-B2E1F3C830E0}.Debug|Any CPU.Build.0 = Debug|Any CPU
		{9C4736A2-1005-4132-9548-B2E1F3C830E0}.Release|Any CPU.ActiveCfg = Release|Any CPU
		{9C4736A2-1005-4132-9548-B2E1F3C830E0}.Release|Any CPU.Build.0 = Release|Any CPU
		{6EC107CD-4BA4-4F27-B275-BDFFD2403C55}.Debug|Any CPU.ActiveCfg = Debug|Any CPU
		{6EC107CD-4BA4-4F27-B275-BDFFD2403C55}.Debug|Any CPU.Build.0 = Debug|Any CPU
		{6EC107CD-4BA4-4F27-B275-BDFFD2403C55}.Release|Any CPU.ActiveCfg = Release|Any CPU
		{6EC107CD-4BA4-4F27-B275-BDFFD2403C55}.Release|Any CPU.Build.0 = Release|Any CPU
		{EB0C3FDC-1125-4194-9FCA-1EE7A1B6FA8B}.Debug|Any CPU.ActiveCfg = Debug|Any CPU
		{EB0C3FDC-1125-4194-9FCA-1EE7A1B6FA8B}.Debug|Any CPU.Build.0 = Debug|Any CPU
		{EB0C3FDC-1125-4194-9FCA-1EE7A1B6FA8B}.Release|Any CPU.ActiveCfg = Release|Any CPU
		{EB0C3FDC-1125-4194-9FCA-1EE7A1B6FA8B}.Release|Any CPU.Build.0 = Release|Any CPU
		{F48E4020-5C6A-42D5-A692-E31DC0B0D20D}.Debug|Any CPU.ActiveCfg = Debug|Any CPU
		{F48E4020-5C6A-42D5-A692-E31DC0B0D20D}.Debug|Any CPU.Build.0 = Debug|Any CPU
		{F48E4020-5C6A-42D5-A692-E31DC0B0D20D}.Release|Any CPU.ActiveCfg = Release|Any CPU
		{F48E4020-5C6A-42D5-A692-E31DC0B0D20D}.Release|Any CPU.Build.0 = Release|Any CPU
		{546F6497-10D2-43DC-893D-532E2B61992C}.Debug|Any CPU.ActiveCfg = Debug|Any CPU
		{546F6497-10D2-43DC-893D-532E2B61992C}.Debug|Any CPU.Build.0 = Debug|Any CPU
		{546F6497-10D2-43DC-893D-532E2B61992C}.Release|Any CPU.ActiveCfg = Release|Any CPU
		{546F6497-10D2-43DC-893D-532E2B61992C}.Release|Any CPU.Build.0 = Release|Any CPU
		{8415FCAA-ED2E-44C6-B4B1-6BA5509713A1}.Debug|Any CPU.ActiveCfg = Debug|Any CPU
		{8415FCAA-ED2E-44C6-B4B1-6BA5509713A1}.Debug|Any CPU.Build.0 = Debug|Any CPU
		{8415FCAA-ED2E-44C6-B4B1-6BA5509713A1}.Release|Any CPU.ActiveCfg = Release|Any CPU
		{8415FCAA-ED2E-44C6-B4B1-6BA5509713A1}.Release|Any CPU.Build.0 = Release|Any CPU
		{4103F9C1-EFD5-492D-8120-FD22D1E88FD5}.Debug|Any CPU.ActiveCfg = Debug|Any CPU
		{4103F9C1-EFD5-492D-8120-FD22D1E88FD5}.Debug|Any CPU.Build.0 = Debug|Any CPU
		{4103F9C1-EFD5-492D-8120-FD22D1E88FD5}.Release|Any CPU.ActiveCfg = Release|Any CPU
		{4103F9C1-EFD5-492D-8120-FD22D1E88FD5}.Release|Any CPU.Build.0 = Release|Any CPU
	EndGlobalSection
	GlobalSection(SolutionProperties) = preSolution
		HideSolutionNode = FALSE
	EndGlobalSection
	GlobalSection(NestedProjects) = preSolution
		{952C1929-ED23-4A07-BF0F-F50C65EC7920} = {2C8B39D9-E86E-4BB6-ABAD-22CA1B2EA299}
		{04D4CFB1-0A2E-4058-BDE2-E26C623F4F2F} = {2C8B39D9-E86E-4BB6-ABAD-22CA1B2EA299}
		{9C4736A2-1005-4132-9548-B2E1F3C830E0} = {2C8B39D9-E86E-4BB6-ABAD-22CA1B2EA299}
		{EB0C3FDC-1125-4194-9FCA-1EE7A1B6FA8B} = {2C8B39D9-E86E-4BB6-ABAD-22CA1B2EA299}
		{F48E4020-5C6A-42D5-A692-E31DC0B0D20D} = {2C8B39D9-E86E-4BB6-ABAD-22CA1B2EA299}
		{546F6497-10D2-43DC-893D-532E2B61992C} = {BBA3C688-E8AD-4177-9817-24D3C097D98A}
		{8415FCAA-ED2E-44C6-B4B1-6BA5509713A1} = {BBA3C688-E8AD-4177-9817-24D3C097D98A}
		{4103F9C1-EFD5-492D-8120-FD22D1E88FD5} = {2C8B39D9-E86E-4BB6-ABAD-22CA1B2EA299}
	EndGlobalSection
	GlobalSection(ExtensibilityGlobals) = postSolution
		SolutionGuid = {71091DB5-1217-403F-AC42-EB7115ADAB2C}
	EndGlobalSection
EndGlobal
